// !$*UTF8*$!
{
	archiveVersion = 1;
	classes = {
	};
	objectVersion = 50;
	objects = {

/* Begin PBXBuildFile section */
		17132312233CB62A00C5F06E /* AppDelegate.swift in Sources */ = {isa = PBXBuildFile; fileRef = 17132311233CB62A00C5F06E /* AppDelegate.swift */; };
		17132314233CB62A00C5F06E /* SceneDelegate.swift in Sources */ = {isa = PBXBuildFile; fileRef = 17132313233CB62A00C5F06E /* SceneDelegate.swift */; };
		17132316233CB62A00C5F06E /* ViewController.swift in Sources */ = {isa = PBXBuildFile; fileRef = 17132315233CB62A00C5F06E /* ViewController.swift */; };
		17132319233CB62A00C5F06E /* Main.storyboard in Resources */ = {isa = PBXBuildFile; fileRef = 17132317233CB62A00C5F06E /* Main.storyboard */; };
		1713231B233CB62B00C5F06E /* Assets.xcassets in Resources */ = {isa = PBXBuildFile; fileRef = 1713231A233CB62B00C5F06E /* Assets.xcassets */; };
		1713231E233CB62B00C5F06E /* LaunchScreen.storyboard in Resources */ = {isa = PBXBuildFile; fileRef = 1713231C233CB62B00C5F06E /* LaunchScreen.storyboard */; };
		17132326233CB67200C5F06E /* PushPopViewController.swift in Sources */ = {isa = PBXBuildFile; fileRef = 17132325233CB67200C5F06E /* PushPopViewController.swift */; };
		17132328233CB80D00C5F06E /* InitialViewController.swift in Sources */ = {isa = PBXBuildFile; fileRef = 17132327233CB80D00C5F06E /* InitialViewController.swift */; };
		17A5097E234E469300B239C8 /* SF-Pro-Rounded-Regular.otf in Resources */ = {isa = PBXBuildFile; fileRef = 17A5097D234E469200B239C8 /* SF-Pro-Rounded-Regular.otf */; };
		17BFADEA25C822AE00F2C5AE /* README.md in Resources */ = {isa = PBXBuildFile; fileRef = 17BFADE925C822AE00F2C5AE /* README.md */; };
		17C0319C234BC8C60027F907 /* DuckDuckGoViewController.swift in Sources */ = {isa = PBXBuildFile; fileRef = 17C0319B234BC8C60027F907 /* DuckDuckGoViewController.swift */; };
		17C0319E234BC8E30027F907 /* HandsUpViewController.swift in Sources */ = {isa = PBXBuildFile; fileRef = 17C0319D234BC8E30027F907 /* HandsUpViewController.swift */; };
		17C281DD234D365100D30E1C /* ThanksViewController.swift in Sources */ = {isa = PBXBuildFile; fileRef = 17C281DC234D365100D30E1C /* ThanksViewController.swift */; };
		17C281DF234D42BB00D30E1C /* WebPagesViewController.swift in Sources */ = {isa = PBXBuildFile; fileRef = 17C281DE234D42BB00D30E1C /* WebPagesViewController.swift */; };
		17C281E1234D42D700D30E1C /* AutoothMainComparisonViewController.swift in Sources */ = {isa = PBXBuildFile; fileRef = 17C281E0234D42D700D30E1C /* AutoothMainComparisonViewController.swift */; };
		17C281E3234D42E800D30E1C /* SystemColorsViewController.swift in Sources */ = {isa = PBXBuildFile; fileRef = 17C281E2234D42E800D30E1C /* SystemColorsViewController.swift */; };
		17C281E5234D42F900D30E1C /* ComparisonHighContrastViewController.swift in Sources */ = {isa = PBXBuildFile; fileRef = 17C281E4234D42F900D30E1C /* ComparisonHighContrastViewController.swift */; };
		17C281E7234D430D00D30E1C /* ComparisonBluesViewController.swift in Sources */ = {isa = PBXBuildFile; fileRef = 17C281E6234D430D00D30E1C /* ComparisonBluesViewController.swift */; };
		17C281E9234D431800D30E1C /* CustomColorsViewController.swift in Sources */ = {isa = PBXBuildFile; fileRef = 17C281E8234D431800D30E1C /* CustomColorsViewController.swift */; };
		17C281EB234D432300D30E1C /* DarkImagesViewController.swift in Sources */ = {isa = PBXBuildFile; fileRef = 17C281EA234D432300D30E1C /* DarkImagesViewController.swift */; };
		17C281ED234D433000D30E1C /* CodeVersionViewController.swift in Sources */ = {isa = PBXBuildFile; fileRef = 17C281EC234D433000D30E1C /* CodeVersionViewController.swift */; };
		17C281EF234D433F00D30E1C /* NoAppIconSupportViewController.swift in Sources */ = {isa = PBXBuildFile; fileRef = 17C281EE234D433F00D30E1C /* NoAppIconSupportViewController.swift */; };
		17C281F1234D434D00D30E1C /* BlackPowerEfficiencyViewController.swift in Sources */ = {isa = PBXBuildFile; fileRef = 17C281F0234D434D00D30E1C /* BlackPowerEfficiencyViewController.swift */; };
		17C281F3234D435800D30E1C /* ShouldYouViewController.swift in Sources */ = {isa = PBXBuildFile; fileRef = 17C281F2234D435800D30E1C /* ShouldYouViewController.swift */; };
		17C281F5234D436200D30E1C /* OptOutViewController.swift in Sources */ = {isa = PBXBuildFile; fileRef = 17C281F4234D436200D30E1C /* OptOutViewController.swift */; };
		17D48A7E234F4EDE0088FBC0 /* LifeDarkModeViewController.swift in Sources */ = {isa = PBXBuildFile; fileRef = 17D48A7D234F4EDE0088FBC0 /* LifeDarkModeViewController.swift */; };
		17DBFA152343DA6F006BFB6B /* SpeechViewController.swift in Sources */ = {isa = PBXBuildFile; fileRef = 17DBFA142343DA6F006BFB6B /* SpeechViewController.swift */; };
/* End PBXBuildFile section */

/* Begin PBXFileReference section */
		1713230E233CB62A00C5F06E /* Dark Mode.app */ = {isa = PBXFileReference; explicitFileType = wrapper.application; includeInIndex = 0; path = "Dark Mode.app"; sourceTree = BUILT_PRODUCTS_DIR; };
		17132311233CB62A00C5F06E /* AppDelegate.swift */ = {isa = PBXFileReference; lastKnownFileType = sourcecode.swift; path = AppDelegate.swift; sourceTree = "<group>"; };
		17132313233CB62A00C5F06E /* SceneDelegate.swift */ = {isa = PBXFileReference; lastKnownFileType = sourcecode.swift; path = SceneDelegate.swift; sourceTree = "<group>"; };
		17132315233CB62A00C5F06E /* ViewController.swift */ = {isa = PBXFileReference; lastKnownFileType = sourcecode.swift; path = ViewController.swift; sourceTree = "<group>"; };
		17132318233CB62A00C5F06E /* Base */ = {isa = PBXFileReference; lastKnownFileType = file.storyboard; name = Base; path = Base.lproj/Main.storyboard; sourceTree = "<group>"; };
		1713231A233CB62B00C5F06E /* Assets.xcassets */ = {isa = PBXFileReference; lastKnownFileType = folder.assetcatalog; path = Assets.xcassets; sourceTree = "<group>"; };
		1713231D233CB62B00C5F06E /* Base */ = {isa = PBXFileReference; lastKnownFileType = file.storyboard; name = Base; path = Base.lproj/LaunchScreen.storyboard; sourceTree = "<group>"; };
		1713231F233CB62B00C5F06E /* Info.plist */ = {isa = PBXFileReference; lastKnownFileType = text.plist.xml; path = Info.plist; sourceTree = "<group>"; };
		17132325233CB67200C5F06E /* PushPopViewController.swift */ = {isa = PBXFileReference; lastKnownFileType = sourcecode.swift; path = PushPopViewController.swift; sourceTree = "<group>"; };
		17132327233CB80D00C5F06E /* InitialViewController.swift */ = {isa = PBXFileReference; lastKnownFileType = sourcecode.swift; path = InitialViewController.swift; sourceTree = "<group>"; };
		17A5097D234E469200B239C8 /* SF-Pro-Rounded-Regular.otf */ = {isa = PBXFileReference; lastKnownFileType = file; path = "SF-Pro-Rounded-Regular.otf"; sourceTree = "<group>"; };
		17BFADE925C822AE00F2C5AE /* README.md */ = {isa = PBXFileReference; fileEncoding = 4; lastKnownFileType = net.daringfireball.markdown; path = README.md; sourceTree = SOURCE_ROOT; };
		17C0319B234BC8C60027F907 /* DuckDuckGoViewController.swift */ = {isa = PBXFileReference; lastKnownFileType = sourcecode.swift; path = DuckDuckGoViewController.swift; sourceTree = "<group>"; };
		17C0319D234BC8E30027F907 /* HandsUpViewController.swift */ = {isa = PBXFileReference; lastKnownFileType = sourcecode.swift; path = HandsUpViewController.swift; sourceTree = "<group>"; };
		17C281DC234D365100D30E1C /* ThanksViewController.swift */ = {isa = PBXFileReference; lastKnownFileType = sourcecode.swift; path = ThanksViewController.swift; sourceTree = "<group>"; };
		17C281DE234D42BB00D30E1C /* WebPagesViewController.swift */ = {isa = PBXFileReference; lastKnownFileType = sourcecode.swift; path = WebPagesViewController.swift; sourceTree = "<group>"; };
		17C281E0234D42D700D30E1C /* AutoothMainComparisonViewController.swift */ = {isa = PBXFileReference; lastKnownFileType = sourcecode.swift; path = AutoothMainComparisonViewController.swift; sourceTree = "<group>"; };
		17C281E2234D42E800D30E1C /* SystemColorsViewController.swift */ = {isa = PBXFileReference; lastKnownFileType = sourcecode.swift; path = SystemColorsViewController.swift; sourceTree = "<group>"; };
		17C281E4234D42F900D30E1C /* ComparisonHighContrastViewController.swift */ = {isa = PBXFileReference; lastKnownFileType = sourcecode.swift; path = ComparisonHighContrastViewController.swift; sourceTree = "<group>"; };
		17C281E6234D430D00D30E1C /* ComparisonBluesViewController.swift */ = {isa = PBXFileReference; lastKnownFileType = sourcecode.swift; path = ComparisonBluesViewController.swift; sourceTree = "<group>"; };
		17C281E8234D431800D30E1C /* CustomColorsViewController.swift */ = {isa = PBXFileReference; lastKnownFileType = sourcecode.swift; path = CustomColorsViewController.swift; sourceTree = "<group>"; };
		17C281EA234D432300D30E1C /* DarkImagesViewController.swift */ = {isa = PBXFileReference; lastKnownFileType = sourcecode.swift; path = DarkImagesViewController.swift; sourceTree = "<group>"; };
		17C281EC234D433000D30E1C /* CodeVersionViewController.swift */ = {isa = PBXFileReference; lastKnownFileType = sourcecode.swift; path = CodeVersionViewController.swift; sourceTree = "<group>"; };
		17C281EE234D433F00D30E1C /* NoAppIconSupportViewController.swift */ = {isa = PBXFileReference; lastKnownFileType = sourcecode.swift; path = NoAppIconSupportViewController.swift; sourceTree = "<group>"; };
		17C281F0234D434D00D30E1C /* BlackPowerEfficiencyViewController.swift */ = {isa = PBXFileReference; lastKnownFileType = sourcecode.swift; path = BlackPowerEfficiencyViewController.swift; sourceTree = "<group>"; };
		17C281F2234D435800D30E1C /* ShouldYouViewController.swift */ = {isa = PBXFileReference; lastKnownFileType = sourcecode.swift; path = ShouldYouViewController.swift; sourceTree = "<group>"; };
		17C281F4234D436200D30E1C /* OptOutViewController.swift */ = {isa = PBXFileReference; lastKnownFileType = sourcecode.swift; path = OptOutViewController.swift; sourceTree = "<group>"; };
		17D48A7D234F4EDE0088FBC0 /* LifeDarkModeViewController.swift */ = {isa = PBXFileReference; lastKnownFileType = sourcecode.swift; path = LifeDarkModeViewController.swift; sourceTree = "<group>"; };
		17DBFA142343DA6F006BFB6B /* SpeechViewController.swift */ = {isa = PBXFileReference; lastKnownFileType = sourcecode.swift; path = SpeechViewController.swift; sourceTree = "<group>"; };
/* End PBXFileReference section */

/* Begin PBXFrameworksBuildPhase section */
		1713230B233CB62A00C5F06E /* Frameworks */ = {
			isa = PBXFrameworksBuildPhase;
			buildActionMask = 2147483647;
			files = (
			);
			runOnlyForDeploymentPostprocessing = 0;
		};
/* End PBXFrameworksBuildPhase section */

/* Begin PBXGroup section */
		17132305233CB62A00C5F06E = {
			isa = PBXGroup;
			children = (
				17132310233CB62A00C5F06E /* Dark Mode */,
				1713230F233CB62A00C5F06E /* Products */,
			);
			sourceTree = "<group>";
		};
		1713230F233CB62A00C5F06E /* Products */ = {
			isa = PBXGroup;
			children = (
				1713230E233CB62A00C5F06E /* Dark Mode.app */,
			);
			name = Products;
			sourceTree = "<group>";
		};
		17132310233CB62A00C5F06E /* Dark Mode */ = {
			isa = PBXGroup;
			children = (
				17132311233CB62A00C5F06E /* AppDelegate.swift */,
				17132313233CB62A00C5F06E /* SceneDelegate.swift */,
				17132315233CB62A00C5F06E /* ViewController.swift */,
				17132325233CB67200C5F06E /* PushPopViewController.swift */,
				17DBFA142343DA6F006BFB6B /* SpeechViewController.swift */,
				17C0319F234BC8F90027F907 /* Slides */,
				17132317233CB62A00C5F06E /* Main.storyboard */,
				1713231A233CB62B00C5F06E /* Assets.xcassets */,
				1713231C233CB62B00C5F06E /* LaunchScreen.storyboard */,
				17A5097D234E469200B239C8 /* SF-Pro-Rounded-Regular.otf */,
				17BFADE925C822AE00F2C5AE /* README.md */,
				1713231F233CB62B00C5F06E /* Info.plist */,
			);
			path = "Dark Mode";
			sourceTree = "<group>";
		};
		17C0319F234BC8F90027F907 /* Slides */ = {
			isa = PBXGroup;
			children = (
				17132327233CB80D00C5F06E /* InitialViewController.swift */,
				17C0319D234BC8E30027F907 /* HandsUpViewController.swift */,
				17C0319B234BC8C60027F907 /* DuckDuckGoViewController.swift */,
				17C281DE234D42BB00D30E1C /* WebPagesViewController.swift */,
				17C281E0234D42D700D30E1C /* AutoothMainComparisonViewController.swift */,
				17C281E4234D42F900D30E1C /* ComparisonHighContrastViewController.swift */,
				17C281E6234D430D00D30E1C /* ComparisonBluesViewController.swift */,
				17C281E2234D42E800D30E1C /* SystemColorsViewController.swift */,
				17C281E8234D431800D30E1C /* CustomColorsViewController.swift */,
				17C281EA234D432300D30E1C /* DarkImagesViewController.swift */,
				17C281EC234D433000D30E1C /* CodeVersionViewController.swift */,
				17C281EE234D433F00D30E1C /* NoAppIconSupportViewController.swift */,
				17C281F0234D434D00D30E1C /* BlackPowerEfficiencyViewController.swift */,
				17C281F2234D435800D30E1C /* ShouldYouViewController.swift */,
				17C281F4234D436200D30E1C /* OptOutViewController.swift */,
				17D48A7D234F4EDE0088FBC0 /* LifeDarkModeViewController.swift */,
				17C281DC234D365100D30E1C /* ThanksViewController.swift */,
			);
			path = Slides;
			sourceTree = "<group>";
		};
/* End PBXGroup section */

/* Begin PBXNativeTarget section */
		1713230D233CB62A00C5F06E /* Dark Mode */ = {
			isa = PBXNativeTarget;
			buildConfigurationList = 17132322233CB62B00C5F06E /* Build configuration list for PBXNativeTarget "Dark Mode" */;
			buildPhases = (
				1713230A233CB62A00C5F06E /* Sources */,
				1713230B233CB62A00C5F06E /* Frameworks */,
				1713230C233CB62A00C5F06E /* Resources */,
			);
			buildRules = (
			);
			dependencies = (
			);
			name = "Dark Mode";
			productName = "Dark Mode";
			productReference = 1713230E233CB62A00C5F06E /* Dark Mode.app */;
			productType = "com.apple.product-type.application";
		};
/* End PBXNativeTarget section */

/* Begin PBXProject section */
		17132306233CB62A00C5F06E /* Project object */ = {
			isa = PBXProject;
			attributes = {
				LastSwiftUpdateCheck = 1100;
				LastUpgradeCheck = 1100;
				ORGANIZATIONNAME = "Aled Samuel";
				TargetAttributes = {
					1713230D233CB62A00C5F06E = {
						CreatedOnToolsVersion = 11.0;
					};
				};
			};
			buildConfigurationList = 17132309233CB62A00C5F06E /* Build configuration list for PBXProject "Dark Mode" */;
			compatibilityVersion = "Xcode 9.3";
			developmentRegion = en;
			hasScannedForEncodings = 0;
			knownRegions = (
				en,
				Base,
			);
			mainGroup = 17132305233CB62A00C5F06E;
			productRefGroup = 1713230F233CB62A00C5F06E /* Products */;
			projectDirPath = "";
			projectRoot = "";
			targets = (
				1713230D233CB62A00C5F06E /* Dark Mode */,
			);
		};
/* End PBXProject section */

/* Begin PBXResourcesBuildPhase section */
		1713230C233CB62A00C5F06E /* Resources */ = {
			isa = PBXResourcesBuildPhase;
			buildActionMask = 2147483647;
			files = (
				1713231E233CB62B00C5F06E /* LaunchScreen.storyboard in Resources */,
				17A5097E234E469300B239C8 /* SF-Pro-Rounded-Regular.otf in Resources */,
				17BFADEA25C822AE00F2C5AE /* README.md in Resources */,
				1713231B233CB62B00C5F06E /* Assets.xcassets in Resources */,
				17132319233CB62A00C5F06E /* Main.storyboard in Resources */,
			);
			runOnlyForDeploymentPostprocessing = 0;
		};
/* End PBXResourcesBuildPhase section */

/* Begin PBXSourcesBuildPhase section */
		1713230A233CB62A00C5F06E /* Sources */ = {
			isa = PBXSourcesBuildPhase;
			buildActionMask = 2147483647;
			files = (
				17D48A7E234F4EDE0088FBC0 /* LifeDarkModeViewController.swift in Sources */,
				17C281EB234D432300D30E1C /* DarkImagesViewController.swift in Sources */,
				17C281ED234D433000D30E1C /* CodeVersionViewController.swift in Sources */,
				17C0319E234BC8E30027F907 /* HandsUpViewController.swift in Sources */,
				17132328233CB80D00C5F06E /* InitialViewController.swift in Sources */,
				17C281F1234D434D00D30E1C /* BlackPowerEfficiencyViewController.swift in Sources */,
				17C281E3234D42E800D30E1C /* SystemColorsViewController.swift in Sources */,
				17132326233CB67200C5F06E /* PushPopViewController.swift in Sources */,
				17C281EF234D433F00D30E1C /* NoAppIconSupportViewController.swift in Sources */,
				17C0319C234BC8C60027F907 /* DuckDuckGoViewController.swift in Sources */,
				17132316233CB62A00C5F06E /* ViewController.swift in Sources */,
				17132312233CB62A00C5F06E /* AppDelegate.swift in Sources */,
				17C281E7234D430D00D30E1C /* ComparisonBluesViewController.swift in Sources */,
				17C281E9234D431800D30E1C /* CustomColorsViewController.swift in Sources */,
				17C281F5234D436200D30E1C /* OptOutViewController.swift in Sources */,
				17C281DF234D42BB00D30E1C /* WebPagesViewController.swift in Sources */,
				17C281E5234D42F900D30E1C /* ComparisonHighContrastViewController.swift in Sources */,
				17C281F3234D435800D30E1C /* ShouldYouViewController.swift in Sources */,
				17DBFA152343DA6F006BFB6B /* SpeechViewController.swift in Sources */,
				17C281E1234D42D700D30E1C /* AutoothMainComparisonViewController.swift in Sources */,
				17132314233CB62A00C5F06E /* SceneDelegate.swift in Sources */,
				17C281DD234D365100D30E1C /* ThanksViewController.swift in Sources */,
			);
			runOnlyForDeploymentPostprocessing = 0;
		};
/* End PBXSourcesBuildPhase section */

/* Begin PBXVariantGroup section */
		17132317233CB62A00C5F06E /* Main.storyboard */ = {
			isa = PBXVariantGroup;
			children = (
				17132318233CB62A00C5F06E /* Base */,
			);
			name = Main.storyboard;
			sourceTree = "<group>";
		};
		1713231C233CB62B00C5F06E /* LaunchScreen.storyboard */ = {
			isa = PBXVariantGroup;
			children = (
				1713231D233CB62B00C5F06E /* Base */,
			);
			name = LaunchScreen.storyboard;
			sourceTree = "<group>";
		};
/* End PBXVariantGroup section */

/* Begin XCBuildConfiguration section */
		17132320233CB62B00C5F06E /* Debug */ = {
			isa = XCBuildConfiguration;
			buildSettings = {
				ALWAYS_SEARCH_USER_PATHS = NO;
				CLANG_ANALYZER_NONNULL = YES;
				CLANG_ANALYZER_NUMBER_OBJECT_CONVERSION = YES_AGGRESSIVE;
				CLANG_CXX_LANGUAGE_STANDARD = "gnu++14";
				CLANG_CXX_LIBRARY = "libc++";
				CLANG_ENABLE_MODULES = YES;
				CLANG_ENABLE_OBJC_ARC = YES;
				CLANG_ENABLE_OBJC_WEAK = YES;
				CLANG_WARN_BLOCK_CAPTURE_AUTORELEASING = YES;
				CLANG_WARN_BOOL_CONVERSION = YES;
				CLANG_WARN_COMMA = YES;
				CLANG_WARN_CONSTANT_CONVERSION = YES;
				CLANG_WARN_DEPRECATED_OBJC_IMPLEMENTATIONS = YES;
				CLANG_WARN_DIRECT_OBJC_ISA_USAGE = YES_ERROR;
				CLANG_WARN_DOCUMENTATION_COMMENTS = YES;
				CLANG_WARN_EMPTY_BODY = YES;
				CLANG_WARN_ENUM_CONVERSION = YES;
				CLANG_WARN_INFINITE_RECURSION = YES;
				CLANG_WARN_INT_CONVERSION = YES;
				CLANG_WARN_NON_LITERAL_NULL_CONVERSION = YES;
				CLANG_WARN_OBJC_IMPLICIT_RETAIN_SELF = YES;
				CLANG_WARN_OBJC_LITERAL_CONVERSION = YES;
				CLANG_WARN_OBJC_ROOT_CLASS = YES_ERROR;
				CLANG_WARN_RANGE_LOOP_ANALYSIS = YES;
				CLANG_WARN_STRICT_PROTOTYPES = YES;
				CLANG_WARN_SUSPICIOUS_MOVE = YES;
				CLANG_WARN_UNGUARDED_AVAILABILITY = YES_AGGRESSIVE;
				CLANG_WARN_UNREACHABLE_CODE = YES;
				CLANG_WARN__DUPLICATE_METHOD_MATCH = YES;
				COPY_PHASE_STRIP = NO;
				DEBUG_INFORMATION_FORMAT = dwarf;
				ENABLE_STRICT_OBJC_MSGSEND = YES;
				ENABLE_TESTABILITY = YES;
				GCC_C_LANGUAGE_STANDARD = gnu11;
				GCC_DYNAMIC_NO_PIC = NO;
				GCC_NO_COMMON_BLOCKS = YES;
				GCC_OPTIMIZATION_LEVEL = 0;
				GCC_PREPROCESSOR_DEFINITIONS = (
					"DEBUG=1",
					"$(inherited)",
				);
				GCC_WARN_64_TO_32_BIT_CONVERSION = YES;
				GCC_WARN_ABOUT_RETURN_TYPE = YES_ERROR;
				GCC_WARN_UNDECLARED_SELECTOR = YES;
				GCC_WARN_UNINITIALIZED_AUTOS = YES_AGGRESSIVE;
				GCC_WARN_UNUSED_FUNCTION = YES;
				GCC_WARN_UNUSED_VARIABLE = YES;
				IPHONEOS_DEPLOYMENT_TARGET = 13.0;
				MTL_ENABLE_DEBUG_INFO = INCLUDE_SOURCE;
				MTL_FAST_MATH = YES;
				ONLY_ACTIVE_ARCH = YES;
				SDKROOT = iphoneos;
				SWIFT_ACTIVE_COMPILATION_CONDITIONS = DEBUG;
				SWIFT_OPTIMIZATION_LEVEL = "-Onone";
			};
			name = Debug;
		};
		17132321233CB62B00C5F06E /* Release */ = {
			isa = XCBuildConfiguration;
			buildSettings = {
				ALWAYS_SEARCH_USER_PATHS = NO;
				CLANG_ANALYZER_NONNULL = YES;
				CLANG_ANALYZER_NUMBER_OBJECT_CONVERSION = YES_AGGRESSIVE;
				CLANG_CXX_LANGUAGE_STANDARD = "gnu++14";
				CLANG_CXX_LIBRARY = "libc++";
				CLANG_ENABLE_MODULES = YES;
				CLANG_ENABLE_OBJC_ARC = YES;
				CLANG_ENABLE_OBJC_WEAK = YES;
				CLANG_WARN_BLOCK_CAPTURE_AUTORELEASING = YES;
				CLANG_WARN_BOOL_CONVERSION = YES;
				CLANG_WARN_COMMA = YES;
				CLANG_WARN_CONSTANT_CONVERSION = YES;
				CLANG_WARN_DEPRECATED_OBJC_IMPLEMENTATIONS = YES;
				CLANG_WARN_DIRECT_OBJC_ISA_USAGE = YES_ERROR;
				CLANG_WARN_DOCUMENTATION_COMMENTS = YES;
				CLANG_WARN_EMPTY_BODY = YES;
				CLANG_WARN_ENUM_CONVERSION = YES;
				CLANG_WARN_INFINITE_RECURSION = YES;
				CLANG_WARN_INT_CONVERSION = YES;
				CLANG_WARN_NON_LITERAL_NULL_CONVERSION = YES;
				CLANG_WARN_OBJC_IMPLICIT_RETAIN_SELF = YES;
				CLANG_WARN_OBJC_LITERAL_CONVERSION = YES;
				CLANG_WARN_OBJC_ROOT_CLASS = YES_ERROR;
				CLANG_WARN_RANGE_LOOP_ANALYSIS = YES;
				CLANG_WARN_STRICT_PROTOTYPES = YES;
				CLANG_WARN_SUSPICIOUS_MOVE = YES;
				CLANG_WARN_UNGUARDED_AVAILABILITY = YES_AGGRESSIVE;
				CLANG_WARN_UNREACHABLE_CODE = YES;
				CLANG_WARN__DUPLICATE_METHOD_MATCH = YES;
				COPY_PHASE_STRIP = NO;
				DEBUG_INFORMATION_FORMAT = "dwarf-with-dsym";
				ENABLE_NS_ASSERTIONS = NO;
				ENABLE_STRICT_OBJC_MSGSEND = YES;
				GCC_C_LANGUAGE_STANDARD = gnu11;
				GCC_NO_COMMON_BLOCKS = YES;
				GCC_WARN_64_TO_32_BIT_CONVERSION = YES;
				GCC_WARN_ABOUT_RETURN_TYPE = YES_ERROR;
				GCC_WARN_UNDECLARED_SELECTOR = YES;
				GCC_WARN_UNINITIALIZED_AUTOS = YES_AGGRESSIVE;
				GCC_WARN_UNUSED_FUNCTION = YES;
				GCC_WARN_UNUSED_VARIABLE = YES;
				IPHONEOS_DEPLOYMENT_TARGET = 13.0;
				MTL_ENABLE_DEBUG_INFO = NO;
				MTL_FAST_MATH = YES;
				SDKROOT = iphoneos;
				SWIFT_COMPILATION_MODE = wholemodule;
				SWIFT_OPTIMIZATION_LEVEL = "-O";
				VALIDATE_PRODUCT = YES;
			};
			name = Release;
		};
		17132323233CB62B00C5F06E /* Debug */ = {
			isa = XCBuildConfiguration;
			buildSettings = {
				ASSETCATALOG_COMPILER_APPICON_NAME = AppIcon;
				CODE_SIGN_STYLE = Automatic;
				DEVELOPMENT_TEAM = 4ES7L6LB2N;
				INFOPLIST_FILE = "Dark Mode/Info.plist";
				LD_RUNPATH_SEARCH_PATHS = (
					"$(inherited)",
					"@executable_path/Frameworks",
				);
				PRODUCT_BUNDLE_IDENTIFIER = "com.aledsamuel.Dark-Mode";
				PRODUCT_NAME = "$(TARGET_NAME)";
				SWIFT_VERSION = 5.0;
				TARGETED_DEVICE_FAMILY = 2;
			};
			name = Debug;
		};
		17132324233CB62B00C5F06E /* Release */ = {
			isa = XCBuildConfiguration;
			buildSettings = {
				ASSETCATALOG_COMPILER_APPICON_NAME = AppIcon;
				CODE_SIGN_STYLE = Automatic;
				DEVELOPMENT_TEAM = 4ES7L6LB2N;
				INFOPLIST_FILE = "Dark Mode/Info.plist";
				LD_RUNPATH_SEARCH_PATHS = (
					"$(inherited)",
					"@executable_path/Frameworks",
				);
				PRODUCT_BUNDLE_IDENTIFIER = "com.aledsamuel.Dark-Mode";
				PRODUCT_NAME = "$(TARGET_NAME)";
				SWIFT_VERSION = 5.0;
				TARGETED_DEVICE_FAMILY = 2;
			};
			name = Release;
		};
/* End XCBuildConfiguration section */

/* Begin XCConfigurationList section */
		17132309233CB62A00C5F06E /* Build configuration list for PBXProject "Dark Mode" */ = {
			isa = XCConfigurationList;
			buildConfigurations = (
				17132320233CB62B00C5F06E /* Debug */,
				17132321233CB62B00C5F06E /* Release */,
			);
			defaultConfigurationIsVisible = 0;
			defaultConfigurationName = Release;
		};
		17132322233CB62B00C5F06E /* Build configuration list for PBXNativeTarget "Dark Mode" */ = {
			isa = XCConfigurationList;
			buildConfigurations = (
				17132323233CB62B00C5F06E /* Debug */,
				17132324233CB62B00C5F06E /* Release */,
			);
			defaultConfigurationIsVisible = 0;
			defaultConfigurationName = Release;
		};
/* End XCConfigurationList section */
	};
	rootObject = 17132306233CB62A00C5F06E /* Project object */;
}
